
Microsoft Visual Studio Solution File, Format Version 12.00
# Visual Studio 2013
VisualStudioVersion = 12.0.30723.0
MinimumVisualStudioVersion = 10.0.40219.1
Project("{FAE04EC0-301F-11D3-BF4B-00C04F79EFBC}") = "ConsoleApplication6", "ConsoleApplication6\ConsoleApplication6.csproj", "{32843810-F432-4500-AA98-6F4C8FCF278E}"
EndProject
Project("{FAE04EC0-301F-11D3-BF4B-00C04F79EFBC}") = "EIA_Task_04", "EIA_Task_04\EIA_Task_04.csproj", "{3254C9C6-9198-41CA-B4F2-B210DC799FDB}"
EndProject
Global
	GlobalSection(SolutionConfigurationPlatforms) = preSolution
		Debug|Any CPU = Debug|Any CPU
		Release|Any CPU = Release|Any CPU
	EndGlobalSection
	GlobalSection(ProjectConfigurationPlatforms) = postSolution
		{32843810-F432-4500-AA98-6F4C8FCF278E}.Debug|Any CPU.ActiveCfg = Debug|Any CPU
		{32843810-F432-4500-AA98-6F4C8FCF278E}.Debug|Any CPU.Build.0 = Debug|Any CPU
		{32843810-F432-4500-AA98-6F4C8FCF278E}.Release|Any CPU.ActiveCfg = Release|Any CPU
		{32843810-F432-4500-AA98-6F4C8FCF278E}.Release|Any CPU.Build.0 = Release|Any CPU
		{3254C9C6-9198-41CA-B4F2-B210DC799FDB}.Debug|Any CPU.ActiveCfg = Debug|Any CPU
		{3254C9C6-9198-41CA-B4F2-B210DC799FDB}.Debug|Any CPU.Build.0 = Debug|Any CPU
		{3254C9C6-9198-41CA-B4F2-B210DC799FDB}.Release|Any CPU.ActiveCfg = Release|Any CPU
		{3254C9C6-9198-41CA-B4F2-B210DC799FDB}.Release|Any CPU.Build.0 = Release|Any CPU
	EndGlobalSection
	GlobalSection(SolutionProperties) = preSolution
		HideSolutionNode = FALSE
	EndGlobalSection
EndGlobal
