
Microsoft Visual Studio Solution File, Format Version 12.00
# Visual Studio 2013
VisualStudioVersion = 12.0.30723.0
MinimumVisualStudioVersion = 10.0.40219.1
Project("{FAE04EC0-301F-11D3-BF4B-00C04F79EFBC}") = "EIA_Task_05", "ConsoleApplication12\EIA_Task_05.csproj", "{D9DEF997-B0B5-4BD5-99C7-04515F1BE080}"
EndProject
Project("{FAE04EC0-301F-11D3-BF4B-00C04F79EFBC}") = "EIA_Task_06", "EIA_Task_06\EIA_Task_06.csproj", "{FFC5588A-38FD-4733-B34A-B509CE26C3A5}"
EndProject
Global
	GlobalSection(SolutionConfigurationPlatforms) = preSolution
		Debug|Any CPU = Debug|Any CPU
		Release|Any CPU = Release|Any CPU
	EndGlobalSection
	GlobalSection(ProjectConfigurationPlatforms) = postSolution
		{D9DEF997-B0B5-4BD5-99C7-04515F1BE080}.Debug|Any CPU.ActiveCfg = Debug|Any CPU
		{D9DEF997-B0B5-4BD5-99C7-04515F1BE080}.Debug|Any CPU.Build.0 = Debug|Any CPU
		{D9DEF997-B0B5-4BD5-99C7-04515F1BE080}.Release|Any CPU.ActiveCfg = Release|Any CPU
		{D9DEF997-B0B5-4BD5-99C7-04515F1BE080}.Release|Any CPU.Build.0 = Release|Any CPU
		{FFC5588A-38FD-4733-B34A-B509CE26C3A5}.Debug|Any CPU.ActiveCfg = Debug|Any CPU
		{FFC5588A-38FD-4733-B34A-B509CE26C3A5}.Debug|Any CPU.Build.0 = Debug|Any CPU
		{FFC5588A-38FD-4733-B34A-B509CE26C3A5}.Release|Any CPU.ActiveCfg = Release|Any CPU
		{FFC5588A-38FD-4733-B34A-B509CE26C3A5}.Release|Any CPU.Build.0 = Release|Any CPU
	EndGlobalSection
	GlobalSection(SolutionProperties) = preSolution
		HideSolutionNode = FALSE
	EndGlobalSection
EndGlobal
